
Microsoft Visual Studio Solution File, Format Version 12.00
# Visual Studio Version 16
VisualStudioVersion = 16.0.30011.22
MinimumVisualStudioVersion = 10.0.40219.1
Project("{FAE04EC0-301F-11D3-BF4B-00C04F79EFBC}") = "AutoVideoMetaLocalize", "AutoVideoMetaLocalize\AutoVideoMetaLocalize.csproj", "{C3F14296-10D8-4479-90C3-B2168AF22437}"
EndProject
Global
	GlobalSection(SolutionConfigurationPlatforms) = preSolution
		Debug|Any CPU = Debug|Any CPU
		Release|Any CPU = Release|Any CPU
	EndGlobalSection
	GlobalSection(ProjectConfigurationPlatforms) = postSolution
		{C3F14296-10D8-4479-90C3-B2168AF22437}.Debug|Any CPU.ActiveCfg = Debug|Any CPU
		{C3F14296-10D8-4479-90C3-B2168AF22437}.Debug|Any CPU.Build.0 = Debug|Any CPU
		{C3F14296-10D8-4479-90C3-B2168AF22437}.Release|Any CPU.ActiveCfg = Release|Any CPU
		{C3F14296-10D8-4479-90C3-B2168AF22437}.Release|Any CPU.Build.0 = Release|Any CPU
	EndGlobalSection
	GlobalSection(SolutionProperties) = preSolution
		HideSolutionNode = FALSE
	EndGlobalSection
	GlobalSection(ExtensibilityGlobals) = postSolution
		SolutionGuid = {10139CE2-10C5-410F-93E8-70E938446E6C}
	EndGlobalSection
EndGlobal
